Microsoft Visual Studio Solution File, Format Version 12.00
# Visual Studio 15
VisualStudioVersion = 15.0.27004.2002
MinimumVisualStudioVersion = 10.0.40219.1
Project("{FAE04EC0-301F-11D3-BF4B-00C04F79EFBC}") = "Softjourn.SJCoins.iOS", "Softjourn.SJCoins.iOS\Softjourn.SJCoins.iOS.csproj", "{B8760CD0-0777-4D49-A63D-52929E03DD5B}"
EndProject
Project("{2150E333-8FDC-42A3-9474-1A3956D46DE8}") = "Core", "Core", "{ABE58DB1-01A1-4B14-AEB5-3476FB9E6929}"
EndProject
Project("{2150E333-8FDC-42A3-9474-1A3956D46DE8}") = "Droid", "Droid", "{B7AC460B-8721-44DC-9545-B736C17AE740}"
EndProject
Project("{2150E333-8FDC-42A3-9474-1A3956D46DE8}") = "iOS", "iOS", "{1B52AB16-B103-4F1E-9D6F-E01989FF27E3}"
EndProject
Project("{FAE04EC0-301F-11D3-BF4B-00C04F79EFBC}") = "Softjourn.SJCoins.Droid", "Softjourn.SJCoins.Droid\Softjourn.SJCoins.Droid.csproj", "{1235E22B-E097-49F5-84D2-DC9D74DBED00}"
EndProject
Project("{9A19103F-16F7-4668-BE54-9A1E7A4F7556}") = "Softjourn.SJCoins.Core.Managers", "Softjourn.SJCoins.Core\Softjourn.SJCoins.Core.Managers.csproj", "{F7603ECF-B6C8-4543-9235-014A52DBD79B}"
EndProject
Project("{9A19103F-16F7-4668-BE54-9A1E7A4F7556}") = "Softjourn.SJCoins.Core.UI", "Softjourn.SJCoins.Core.UI\Softjourn.SJCoins.Core.UI.csproj", "{90984270-BD5D-4E9B-962F-1BF21FD3B17D}"
EndProject
Project("{FAE04EC0-301F-11D3-BF4B-00C04F79EFBC}") = "Softjourn.SJCoins.Core.Models", "Softjourn.SJCoins.Core.Models\Softjourn.SJCoins.Core.Models.csproj", "{DDEFE22D-BD0A-4AAF-AB48-C7553F49784C}"
EndProject
Project("{FAE04EC0-301F-11D3-BF4B-00C04F79EFBC}") = "Softjourn.SJCoins.Core.Common", "Softjourn.SJCoins.Core.Common\Softjourn.SJCoins.Core.Common.csproj", "{D5543B72-4701-4C35-B24D-3868D390DBAD}"
EndProject
Project("{FAE04EC0-301F-11D3-BF4B-00C04F79EFBC}") = "Softjourn.SJCoins.Core.Resources", "Softjourn.SJCoins.Core.Resources\Softjourn.SJCoins.Core.Resources.csproj", "{140EA39C-C4EC-475C-87F4-E02B5952EFCF}"
EndProject
Global
	GlobalSection(SolutionConfigurationPlatforms) = preSolution
		Debug|Any CPU = Debug|Any CPU
		Debug|iPhone = Debug|iPhone
		Debug|iPhoneSimulator = Debug|iPhoneSimulator
		Release|Any CPU = Release|Any CPU
		Release|iPhone = Release|iPhone
		Release|iPhoneSimulator = Release|iPhoneSimulator
	EndGlobalSection
	GlobalSection(ProjectConfigurationPlatforms) = postSolution
		{B8760CD0-0777-4D49-A63D-52929E03DD5B}.Debug|Any CPU.ActiveCfg = Debug|iPhoneSimulator
		{B8760CD0-0777-4D49-A63D-52929E03DD5B}.Debug|iPhone.ActiveCfg = Debug|iPhone
		{B8760CD0-0777-4D49-A63D-52929E03DD5B}.Debug|iPhone.Build.0 = Debug|iPhone
		{B8760CD0-0777-4D49-A63D-52929E03DD5B}.Debug|iPhoneSimulator.ActiveCfg = Debug|iPhoneSimulator
		{B8760CD0-0777-4D49-A63D-52929E03DD5B}.Debug|iPhoneSimulator.Build.0 = Debug|iPhoneSimulator
		{B8760CD0-0777-4D49-A63D-52929E03DD5B}.Release|Any CPU.ActiveCfg = Release|iPhone
		{B8760CD0-0777-4D49-A63D-52929E03DD5B}.Release|iPhone.ActiveCfg = Release|iPhone
		{B8760CD0-0777-4D49-A63D-52929E03DD5B}.Release|iPhone.Build.0 = Release|iPhone
		{B8760CD0-0777-4D49-A63D-52929E03DD5B}.Release|iPhoneSimulator.ActiveCfg = Release|iPhoneSimulator
		{B8760CD0-0777-4D49-A63D-52929E03DD5B}.Release|iPhoneSimulator.Build.0 = Release|iPhoneSimulator
		{1235E22B-E097-49F5-84D2-DC9D74DBED00}.Debug|Any CPU.ActiveCfg = Debug|Any CPU
		{1235E22B-E097-49F5-84D2-DC9D74DBED00}.Debug|Any CPU.Build.0 = Debug|Any CPU
		{1235E22B-E097-49F5-84D2-DC9D74DBED00}.Debug|Any CPU.Deploy.0 = Debug|Any CPU
		{1235E22B-E097-49F5-84D2-DC9D74DBED00}.Debug|iPhone.ActiveCfg = Debug|Any CPU
		{1235E22B-E097-49F5-84D2-DC9D74DBED00}.Debug|iPhone.Build.0 = Debug|Any CPU
		{1235E22B-E097-49F5-84D2-DC9D74DBED00}.Debug|iPhoneSimulator.ActiveCfg = Debug|Any CPU
		{1235E22B-E097-49F5-84D2-DC9D74DBED00}.Debug|iPhoneSimulator.Build.0 = Debug|Any CPU
		{1235E22B-E097-49F5-84D2-DC9D74DBED00}.Release|Any CPU.ActiveCfg = Release|Any CPU
		{1235E22B-E097-49F5-84D2-DC9D74DBED00}.Release|Any CPU.Build.0 = Release|Any CPU
		{1235E22B-E097-49F5-84D2-DC9D74DBED00}.Release|Any CPU.Deploy.0 = Release|Any CPU
		{1235E22B-E097-49F5-84D2-DC9D74DBED00}.Release|iPhone.ActiveCfg = Release|Any CPU
		{1235E22B-E097-49F5-84D2-DC9D74DBED00}.Release|iPhone.Build.0 = Release|Any CPU
		{1235E22B-E097-49F5-84D2-DC9D74DBED00}.Release|iPhoneSimulator.ActiveCfg = Release|Any CPU
		{1235E22B-E097-49F5-84D2-DC9D74DBED00}.Release|iPhoneSimulator.Build.0 = Release|Any CPU
		{F7603ECF-B6C8-4543-9235-014A52DBD79B}.Debug|Any CPU.ActiveCfg = Debug|Any CPU
		{F7603ECF-B6C8-4543-9235-014A52DBD79B}.Debug|Any CPU.Build.0 = Debug|Any CPU
		{F7603ECF-B6C8-4543-9235-014A52DBD79B}.Debug|iPhone.ActiveCfg = Debug|Any CPU
		{F7603ECF-B6C8-4543-9235-014A52DBD79B}.Debug|iPhone.Build.0 = Debug|Any CPU
		{F7603ECF-B6C8-4543-9235-014A52DBD79B}.Debug|iPhoneSimulator.ActiveCfg = Debug|Any CPU
		{F7603ECF-B6C8-4543-9235-014A52DBD79B}.Debug|iPhoneSimulator.Build.0 = Debug|Any CPU
		{F7603ECF-B6C8-4543-9235-014A52DBD79B}.Release|Any CPU.ActiveCfg = Release|Any CPU
		{F7603ECF-B6C8-4543-9235-014A52DBD79B}.Release|Any CPU.Build.0 = Release|Any CPU
		{F7603ECF-B6C8-4543-9235-014A52DBD79B}.Release|iPhone.ActiveCfg = Release|Any CPU
		{F7603ECF-B6C8-4543-9235-014A52DBD79B}.Release|iPhone.Build.0 = Release|Any CPU
		{F7603ECF-B6C8-4543-9235-014A52DBD79B}.Release|iPhoneSimulator.ActiveCfg = Release|Any CPU
		{F7603ECF-B6C8-4543-9235-014A52DBD79B}.Release|iPhoneSimulator.Build.0 = Release|Any CPU
		{90984270-BD5D-4E9B-962F-1BF21FD3B17D}.Debug|Any CPU.ActiveCfg = Debug|Any CPU
		{90984270-BD5D-4E9B-962F-1BF21FD3B17D}.Debug|Any CPU.Build.0 = Debug|Any CPU
		{90984270-BD5D-4E9B-962F-1BF21FD3B17D}.Debug|iPhone.ActiveCfg = Debug|Any CPU
		{90984270-BD5D-4E9B-962F-1BF21FD3B17D}.Debug|iPhone.Build.0 = Debug|Any CPU
		{90984270-BD5D-4E9B-962F-1BF21FD3B17D}.Debug|iPhoneSimulator.ActiveCfg = Debug|Any CPU
		{90984270-BD5D-4E9B-962F-1BF21FD3B17D}.Debug|iPhoneSimulator.Build.0 = Debug|Any CPU
		{90984270-BD5D-4E9B-962F-1BF21FD3B17D}.Release|Any CPU.ActiveCfg = Release|Any CPU
		{90984270-BD5D-4E9B-962F-1BF21FD3B17D}.Release|Any CPU.Build.0 = Release|Any CPU
		{90984270-BD5D-4E9B-962F-1BF21FD3B17D}.Release|iPhone.ActiveCfg = Release|Any CPU
		{90984270-BD5D-4E9B-962F-1BF21FD3B17D}.Release|iPhone.Build.0 = Release|Any CPU
		{90984270-BD5D-4E9B-962F-1BF21FD3B17D}.Release|iPhoneSimulator.ActiveCfg = Release|Any CPU
		{90984270-BD5D-4E9B-962F-1BF21FD3B17D}.Release|iPhoneSimulator.Build.0 = Release|Any CPU
		{DDEFE22D-BD0A-4AAF-AB48-C7553F49784C}.Debug|Any CPU.ActiveCfg = Debug|Any CPU
		{DDEFE22D-BD0A-4AAF-AB48-C7553F49784C}.Debug|Any CPU.Build.0 = Debug|Any CPU
		{DDEFE22D-BD0A-4AAF-AB48-C7553F49784C}.Debug|iPhone.ActiveCfg = Debug|Any CPU
		{DDEFE22D-BD0A-4AAF-AB48-C7553F49784C}.Debug|iPhone.Build.0 = Debug|Any CPU
		{DDEFE22D-BD0A-4AAF-AB48-C7553F49784C}.Debug|iPhoneSimulator.ActiveCfg = Debug|Any CPU
		{DDEFE22D-BD0A-4AAF-AB48-C7553F49784C}.Debug|iPhoneSimulator.Build.0 = Debug|Any CPU
		{DDEFE22D-BD0A-4AAF-AB48-C7553F49784C}.Release|Any CPU.ActiveCfg = Release|Any CPU
		{DDEFE22D-BD0A-4AAF-AB48-C7553F49784C}.Release|Any CPU.Build.0 = Release|Any CPU
		{DDEFE22D-BD0A-4AAF-AB48-C7553F49784C}.Release|iPhone.ActiveCfg = Release|Any CPU
		{DDEFE22D-BD0A-4AAF-AB48-C7553F49784C}.Release|iPhone.Build.0 = Release|Any CPU
		{DDEFE22D-BD0A-4AAF-AB48-C7553F49784C}.Release|iPhoneSimulator.ActiveCfg = Release|Any CPU
		{DDEFE22D-BD0A-4AAF-AB48-C7553F49784C}.Release|iPhoneSimulator.Build.0 = Release|Any CPU
		{D5543B72-4701-4C35-B24D-3868D390DBAD}.Debug|Any CPU.ActiveCfg = Debug|Any CPU
		{D5543B72-4701-4C35-B24D-3868D390DBAD}.Debug|Any CPU.Build.0 = Debug|Any CPU
		{D5543B72-4701-4C35-B24D-3868D390DBAD}.Debug|iPhone.ActiveCfg = Debug|Any CPU
		{D5543B72-4701-4C35-B24D-3868D390DBAD}.Debug|iPhone.Build.0 = Debug|Any CPU
		{D5543B72-4701-4C35-B24D-3868D390DBAD}.Debug|iPhoneSimulator.ActiveCfg = Debug|Any CPU
		{D5543B72-4701-4C35-B24D-3868D390DBAD}.Debug|iPhoneSimulator.Build.0 = Debug|Any CPU
		{D5543B72-4701-4C35-B24D-3868D390DBAD}.Release|Any CPU.ActiveCfg = Release|Any CPU
		{D5543B72-4701-4C35-B24D-3868D390DBAD}.Release|Any CPU.Build.0 = Release|Any CPU
		{D5543B72-4701-4C35-B24D-3868D390DBAD}.Release|iPhone.ActiveCfg = Release|Any CPU
		{D5543B72-4701-4C35-B24D-3868D390DBAD}.Release|iPhone.Build.0 = Release|Any CPU
		{D5543B72-4701-4C35-B24D-3868D390DBAD}.Release|iPhoneSimulator.ActiveCfg = Release|Any CPU
		{D5543B72-4701-4C35-B24D-3868D390DBAD}.Release|iPhoneSimulator.Build.0 = Release|Any CPU
		{140EA39C-C4EC-475C-87F4-E02B5952EFCF}.Debug|Any CPU.ActiveCfg = Debug|Any CPU
		{140EA39C-C4EC-475C-87F4-E02B5952EFCF}.Debug|Any CPU.Build.0 = Debug|Any CPU
		{140EA39C-C4EC-475C-87F4-E02B5952EFCF}.Debug|iPhone.ActiveCfg = Debug|Any CPU
		{140EA39C-C4EC-475C-87F4-E02B5952EFCF}.Debug|iPhone.Build.0 = Debug|Any CPU
		{140EA39C-C4EC-475C-87F4-E02B5952EFCF}.Debug|iPhoneSimulator.ActiveCfg = Debug|Any CPU
		{140EA39C-C4EC-475C-87F4-E02B5952EFCF}.Debug|iPhoneSimulator.Build.0 = Debug|Any CPU
		{140EA39C-C4EC-475C-87F4-E02B5952EFCF}.Release|Any CPU.ActiveCfg = Release|Any CPU
		{140EA39C-C4EC-475C-87F4-E02B5952EFCF}.Release|Any CPU.Build.0 = Release|Any CPU
		{140EA39C-C4EC-475C-87F4-E02B5952EFCF}.Release|iPhone.ActiveCfg = Release|Any CPU
		{140EA39C-C4EC-475C-87F4-E02B5952EFCF}.Release|iPhone.Build.0 = Release|Any CPU
		{140EA39C-C4EC-475C-87F4-E02B5952EFCF}.Release|iPhoneSimulator.ActiveCfg = Release|Any CPU
		{140EA39C-C4EC-475C-87F4-E02B5952EFCF}.Release|iPhoneSimulator.Build.0 = Release|Any CPU
	EndGlobalSection
	GlobalSection(SolutionProperties) = preSolution
		HideSolutionNode = FALSE
	EndGlobalSection
	GlobalSection(NestedProjects) = preSolution
		{B8760CD0-0777-4D49-A63D-52929E03DD5B} = {1B52AB16-B103-4F1E-9D6F-E01989FF27E3}
		{1235E22B-E097-49F5-84D2-DC9D74DBED00} = {B7AC460B-8721-44DC-9545-B736C17AE740}
		{F7603ECF-B6C8-4543-9235-014A52DBD79B} = {ABE58DB1-01A1-4B14-AEB5-3476FB9E6929}
		{90984270-BD5D-4E9B-962F-1BF21FD3B17D} = {ABE58DB1-01A1-4B14-AEB5-3476FB9E6929}
		{DDEFE22D-BD0A-4AAF-AB48-C7553F49784C} = {ABE58DB1-01A1-4B14-AEB5-3476FB9E6929}
		{D5543B72-4701-4C35-B24D-3868D390DBAD} = {ABE58DB1-01A1-4B14-AEB5-3476FB9E6929}
		{140EA39C-C4EC-475C-87F4-E02B5952EFCF} = {ABE58DB1-01A1-4B14-AEB5-3476FB9E6929}
	EndGlobalSection
	GlobalSection(ExtensibilityGlobals) = postSolution
		SolutionGuid = {4A3FF33A-85BA-4587-AAEA-A3488F835898}
	EndGlobalSection
	GlobalSection(MonoDevelopProperties) = preSolution
		Policies = $0
		$0.DotNetNamingPolicy = $1
	EndGlobalSection
EndGlobal
